
Microsoft Visual Studio Solution File, Format Version 12.00
# Visual Studio Version 17
VisualStudioVersion = 17.7.34024.191
MinimumVisualStudioVersion = 10.0.40219.1
Project("{FAE04EC0-301F-11D3-BF4B-00C04F79EFBC}") = "Projeto1", "Projeto1.csproj", "{3802D2BC-5115-4571-B253-E566933909F8}"
EndProject
Global
	GlobalSection(SolutionConfigurationPlatforms) = preSolution
		Debug|Any CPU = Debug|Any CPU
		Release|Any CPU = Release|Any CPU
	EndGlobalSection
	GlobalSection(ProjectConfigurationPlatforms) = postSolution
		{3802D2BC-5115-4571-B253-E566933909F8}.Debug|Any CPU.ActiveCfg = Debug|Any CPU
		{3802D2BC-5115-4571-B253-E566933909F8}.Debug|Any CPU.Build.0 = Debug|Any CPU
		{3802D2BC-5115-4571-B253-E566933909F8}.Release|Any CPU.ActiveCfg = Release|Any CPU
		{3802D2BC-5115-4571-B253-E566933909F8}.Release|Any CPU.Build.0 = Release|Any CPU
	EndGlobalSection
	GlobalSection(SolutionProperties) = preSolution
		HideSolutionNode = FALSE
	EndGlobalSection
	GlobalSection(ExtensibilityGlobals) = postSolution
		SolutionGuid = {A1D14CB3-8A0D-4072-8B3E-9B61F69D66DA}
	EndGlobalSection
EndGlobal
